
Microsoft Visual Studio Solution File, Format Version 12.00
# Visual Studio 15
VisualStudioVersion = 15.0.27428.2005
MinimumVisualStudioVersion = 10.0.40219.1
Project("{9A19103F-16F7-4668-BE54-9A1E7A4F7556}") = "website", "website.csproj", "{958DE806-0C97-47C6-B952-CC1089AAC46D}"
EndProject
Global
	GlobalSection(SolutionConfigurationPlatforms) = preSolution
		Debug|Any CPU = Debug|Any CPU
		Release|Any CPU = Release|Any CPU
	EndGlobalSection
	GlobalSection(ProjectConfigurationPlatforms) = postSolution
		{958DE806-0C97-47C6-B952-CC1089AAC46D}.Debug|Any CPU.ActiveCfg = Debug|Any CPU
		{958DE806-0C97-47C6-B952-CC1089AAC46D}.Debug|Any CPU.Build.0 = Debug|Any CPU
		{958DE806-0C97-47C6-B952-CC1089AAC46D}.Release|Any CPU.ActiveCfg = Release|Any CPU
		{958DE806-0C97-47C6-B952-CC1089AAC46D}.Release|Any CPU.Build.0 = Release|Any CPU
	EndGlobalSection
	GlobalSection(SolutionProperties) = preSolution
		HideSolutionNode = FALSE
	EndGlobalSection
	GlobalSection(ExtensibilityGlobals) = postSolution
		SolutionGuid = {1AFE90B8-C3AE-468B-BADC-093FE463358A}
	EndGlobalSection
EndGlobal
